// !$*UTF8*$!
{
	archiveVersion = 1;
	classes = {
	};
	objectVersion = 50;
	objects = {

/* Begin PBXBuildFile section */
		55BAEB5E25C77D10005CDD9C /* AppDelegate.swift in Sources */ = {isa = PBXBuildFile; fileRef = 55BAEB5D25C77D10005CDD9C /* AppDelegate.swift */; };
		55BAEB6025C77D10005CDD9C /* ViewController.swift in Sources */ = {isa = PBXBuildFile; fileRef = 55BAEB5F25C77D10005CDD9C /* ViewController.swift */; };
		55BAEB6225C77D10005CDD9C /* Experience.rcproject in Sources */ = {isa = PBXBuildFile; fileRef = 55BAEB6125C77D10005CDD9C /* Experience.rcproject */; };
		55BAEB6525C77D10005CDD9C /* Main.storyboard in Resources */ = {isa = PBXBuildFile; fileRef = 55BAEB6325C77D10005CDD9C /* Main.storyboard */; };
		55BAEB6725C77D10005CDD9C /* Assets.xcassets in Resources */ = {isa = PBXBuildFile; fileRef = 55BAEB6625C77D10005CDD9C /* Assets.xcassets */; };
		55BAEB6A25C77D10005CDD9C /* LaunchScreen.storyboard in Resources */ = {isa = PBXBuildFile; fileRef = 55BAEB6825C77D10005CDD9C /* LaunchScreen.storyboard */; };
		55BAEB7525C77D10005CDD9C /* PortfolioARTests.swift in Sources */ = {isa = PBXBuildFile; fileRef = 55BAEB7425C77D10005CDD9C /* PortfolioARTests.swift */; };
		55BAEB8025C77D11005CDD9C /* PortfolioARUITests.swift in Sources */ = {isa = PBXBuildFile; fileRef = 55BAEB7F25C77D11005CDD9C /* PortfolioARUITests.swift */; };
		55BAEBAB25C8942E005CDD9C /* Apricot_02_hi_poly.usdz in Resources */ = {isa = PBXBuildFile; fileRef = 55BAEBAA25C8942E005CDD9C /* Apricot_02_hi_poly.usdz */; };
/* End PBXBuildFile section */

/* Begin PBXContainerItemProxy section */
		55BAEB7125C77D10005CDD9C /* PBXContainerItemProxy */ = {
			isa = PBXContainerItemProxy;
			containerPortal = 55BAEB5225C77D0F005CDD9C /* Project object */;
			proxyType = 1;
			remoteGlobalIDString = 55BAEB5925C77D10005CDD9C;
			remoteInfo = PortfolioAR;
		};
		55BAEB7C25C77D11005CDD9C /* PBXContainerItemProxy */ = {
			isa = PBXContainerItemProxy;
			containerPortal = 55BAEB5225C77D0F005CDD9C /* Project object */;
			proxyType = 1;
			remoteGlobalIDString = 55BAEB5925C77D10005CDD9C;
			remoteInfo = PortfolioAR;
		};
/* End PBXContainerItemProxy section */

/* Begin PBXFileReference section */
		55BAEB5A25C77D10005CDD9C /* PortfolioAR.app */ = {isa = PBXFileReference; explicitFileType = wrapper.application; includeInIndex = 0; path = PortfolioAR.app; sourceTree = BUILT_PRODUCTS_DIR; };
		55BAEB5D25C77D10005CDD9C /* AppDelegate.swift */ = {isa = PBXFileReference; lastKnownFileType = sourcecode.swift; path = AppDelegate.swift; sourceTree = "<group>"; };
		55BAEB5F25C77D10005CDD9C /* ViewController.swift */ = {isa = PBXFileReference; lastKnownFileType = sourcecode.swift; path = ViewController.swift; sourceTree = "<group>"; };
		55BAEB6125C77D10005CDD9C /* Experience.rcproject */ = {isa = PBXFileReference; lastKnownFileType = file.rcproject; path = Experience.rcproject; sourceTree = "<group>"; };
		55BAEB6425C77D10005CDD9C /* Base */ = {isa = PBXFileReference; lastKnownFileType = file.storyboard; name = Base; path = Base.lproj/Main.storyboard; sourceTree = "<group>"; };
		55BAEB6625C77D10005CDD9C /* Assets.xcassets */ = {isa = PBXFileReference; lastKnownFileType = folder.assetcatalog; path = Assets.xcassets; sourceTree = "<group>"; };
		55BAEB6925C77D10005CDD9C /* Base */ = {isa = PBXFileReference; lastKnownFileType = file.storyboard; name = Base; path = Base.lproj/LaunchScreen.storyboard; sourceTree = "<group>"; };
		55BAEB6B25C77D10005CDD9C /* Info.plist */ = {isa = PBXFileReference; lastKnownFileType = text.plist.xml; path = Info.plist; sourceTree = "<group>"; };
		55BAEB7025C77D10005CDD9C /* PortfolioARTests.xctest */ = {isa = PBXFileReference; explicitFileType = wrapper.cfbundle; includeInIndex = 0; path = PortfolioARTests.xctest; sourceTree = BUILT_PRODUCTS_DIR; };
		55BAEB7425C77D10005CDD9C /* PortfolioARTests.swift */ = {isa = PBXFileReference; lastKnownFileType = sourcecode.swift; path = PortfolioARTests.swift; sourceTree = "<group>"; };
		55BAEB7625C77D10005CDD9C /* Info.plist */ = {isa = PBXFileReference; lastKnownFileType = text.plist.xml; path = Info.plist; sourceTree = "<group>"; };
		55BAEB7B25C77D11005CDD9C /* PortfolioARUITests.xctest */ = {isa = PBXFileReference; explicitFileType = wrapper.cfbundle; includeInIndex = 0; path = PortfolioARUITests.xctest; sourceTree = BUILT_PRODUCTS_DIR; };
		55BAEB7F25C77D11005CDD9C /* PortfolioARUITests.swift */ = {isa = PBXFileReference; lastKnownFileType = sourcecode.swift; path = PortfolioARUITests.swift; sourceTree = "<group>"; };
		55BAEB8125C77D11005CDD9C /* Info.plist */ = {isa = PBXFileReference; lastKnownFileType = text.plist.xml; path = Info.plist; sourceTree = "<group>"; };
		55BAEBAA25C8942E005CDD9C /* Apricot_02_hi_poly.usdz */ = {isa = PBXFileReference; lastKnownFileType = file.usdz; name = Apricot_02_hi_poly.usdz; path = ../../../../../../../3D/Apricot_02_hi_poly.usdz; sourceTree = "<group>"; };
/* End PBXFileReference section */

/* Begin PBXFrameworksBuildPhase section */
		55BAEB5725C77D10005CDD9C /* Frameworks */ = {
			isa = PBXFrameworksBuildPhase;
			buildActionMask = 2147483647;
			files = (
			);
			runOnlyForDeploymentPostprocessing = 0;
		};
		55BAEB6D25C77D10005CDD9C /* Frameworks */ = {
			isa = PBXFrameworksBuildPhase;
			buildActionMask = 2147483647;
			files = (
			);
			runOnlyForDeploymentPostprocessing = 0;
		};
		55BAEB7825C77D11005CDD9C /* Frameworks */ = {
			isa = PBXFrameworksBuildPhase;
			buildActionMask = 2147483647;
			files = (
			);
			runOnlyForDeploymentPostprocessing = 0;
		};
/* End PBXFrameworksBuildPhase section */

/* Begin PBXGroup section */
		55BAEB5125C77D0F005CDD9C = {
			isa = PBXGroup;
			children = (
				55BAEB5C25C77D10005CDD9C /* PortfolioAR */,
				55BAEB7325C77D10005CDD9C /* PortfolioARTests */,
				55BAEB7E25C77D11005CDD9C /* PortfolioARUITests */,
				55BAEB5B25C77D10005CDD9C /* Products */,
			);
			sourceTree = "<group>";
		};
		55BAEB5B25C77D10005CDD9C /* Products */ = {
			isa = PBXGroup;
			children = (
				55BAEB5A25C77D10005CDD9C /* PortfolioAR.app */,
				55BAEB7025C77D10005CDD9C /* PortfolioARTests.xctest */,
				55BAEB7B25C77D11005CDD9C /* PortfolioARUITests.xctest */,
			);
			name = Products;
			sourceTree = "<group>";
		};
		55BAEB5C25C77D10005CDD9C /* PortfolioAR */ = {
			isa = PBXGroup;
			children = (
				55BAEBAA25C8942E005CDD9C /* Apricot_02_hi_poly.usdz */,
				55BAEB5D25C77D10005CDD9C /* AppDelegate.swift */,
				55BAEB5F25C77D10005CDD9C /* ViewController.swift */,
				55BAEB6125C77D10005CDD9C /* Experience.rcproject */,
				55BAEB6325C77D10005CDD9C /* Main.storyboard */,
				55BAEB6625C77D10005CDD9C /* Assets.xcassets */,
				55BAEB6825C77D10005CDD9C /* LaunchScreen.storyboard */,
				55BAEB6B25C77D10005CDD9C /* Info.plist */,
			);
			path = PortfolioAR;
			sourceTree = "<group>";
		};
		55BAEB7325C77D10005CDD9C /* PortfolioARTests */ = {
			isa = PBXGroup;
			children = (
				55BAEB7425C77D10005CDD9C /* PortfolioARTests.swift */,
				55BAEB7625C77D10005CDD9C /* Info.plist */,
			);
			path = PortfolioARTests;
			sourceTree = "<group>";
		};
		55BAEB7E25C77D11005CDD9C /* PortfolioARUITests */ = {
			isa = PBXGroup;
			children = (
				55BAEB7F25C77D11005CDD9C /* PortfolioARUITests.swift */,
				55BAEB8125C77D11005CDD9C /* Info.plist */,
			);
			path = PortfolioARUITests;
			sourceTree = "<group>";
		};
/* End PBXGroup section */

/* Begin PBXNativeTarget section */
		55BAEB5925C77D10005CDD9C /* PortfolioAR */ = {
			isa = PBXNativeTarget;
			buildConfigurationList = 55BAEB8425C77D11005CDD9C /* Build configuration list for PBXNativeTarget "PortfolioAR" */;
			buildPhases = (
				55BAEB5625C77D10005CDD9C /* Sources */,
				55BAEB5725C77D10005CDD9C /* Frameworks */,
				55BAEB5825C77D10005CDD9C /* Resources */,
			);
			buildRules = (
			);
			dependencies = (
			);
			name = PortfolioAR;
			productName = PortfolioAR;
			productReference = 55BAEB5A25C77D10005CDD9C /* PortfolioAR.app */;
			productType = "com.apple.product-type.application";
		};
		55BAEB6F25C77D10005CDD9C /* PortfolioARTests */ = {
			isa = PBXNativeTarget;
			buildConfigurationList = 55BAEB8725C77D11005CDD9C /* Build configuration list for PBXNativeTarget "PortfolioARTests" */;
			buildPhases = (
				55BAEB6C25C77D10005CDD9C /* Sources */,
				55BAEB6D25C77D10005CDD9C /* Frameworks */,
				55BAEB6E25C77D10005CDD9C /* Resources */,
			);
			buildRules = (
			);
			dependencies = (
				55BAEB7225C77D10005CDD9C /* PBXTargetDependency */,
			);
			name = PortfolioARTests;
			productName = PortfolioARTests;
			productReference = 55BAEB7025C77D10005CDD9C /* PortfolioARTests.xctest */;
			productType = "com.apple.product-type.bundle.unit-test";
		};
		55BAEB7A25C77D11005CDD9C /* PortfolioARUITests */ = {
			isa = PBXNativeTarget;
			buildConfigurationList = 55BAEB8A25C77D11005CDD9C /* Build configuration list for PBXNativeTarget "PortfolioARUITests" */;
			buildPhases = (
				55BAEB7725C77D11005CDD9C /* Sources */,
				55BAEB7825C77D11005CDD9C /* Frameworks */,
				55BAEB7925C77D11005CDD9C /* Resources */,
			);
			buildRules = (
			);
			dependencies = (
				55BAEB7D25C77D11005CDD9C /* PBXTargetDependency */,
			);
			name = PortfolioARUITests;
			productName = PortfolioARUITests;
			productReference = 55BAEB7B25C77D11005CDD9C /* PortfolioARUITests.xctest */;
			productType = "com.apple.product-type.bundle.ui-testing";
		};
/* End PBXNativeTarget section */

/* Begin PBXProject section */
		55BAEB5225C77D0F005CDD9C /* Project object */ = {
			isa = PBXProject;
			attributes = {
				LastSwiftUpdateCheck = 1210;
				LastUpgradeCheck = 1210;
				TargetAttributes = {
					55BAEB5925C77D10005CDD9C = {
						CreatedOnToolsVersion = 12.1;
					};
					55BAEB6F25C77D10005CDD9C = {
						CreatedOnToolsVersion = 12.1;
						TestTargetID = 55BAEB5925C77D10005CDD9C;
					};
					55BAEB7A25C77D11005CDD9C = {
						CreatedOnToolsVersion = 12.1;
						TestTargetID = 55BAEB5925C77D10005CDD9C;
					};
				};
			};
			buildConfigurationList = 55BAEB5525C77D0F005CDD9C /* Build configuration list for PBXProject "PortfolioAR" */;
			compatibilityVersion = "Xcode 9.3";
			developmentRegion = en;
			hasScannedForEncodings = 0;
			knownRegions = (
				en,
				Base,
			);
			mainGroup = 55BAEB5125C77D0F005CDD9C;
			productRefGroup = 55BAEB5B25C77D10005CDD9C /* Products */;
			projectDirPath = "";
			projectRoot = "";
			targets = (
				55BAEB5925C77D10005CDD9C /* PortfolioAR */,
				55BAEB6F25C77D10005CDD9C /* PortfolioARTests */,
				55BAEB7A25C77D11005CDD9C /* PortfolioARUITests */,
			);
		};
/* End PBXProject section */

/* Begin PBXResourcesBuildPhase section */
		55BAEB5825C77D10005CDD9C /* Resources */ = {
			isa = PBXResourcesBuildPhase;
			buildActionMask = 2147483647;
			files = (
				55BAEB6A25C77D10005CDD9C /* LaunchScreen.storyboard in Resources */,
				55BAEBAB25C8942E005CDD9C /* Apricot_02_hi_poly.usdz in Resources */,
				55BAEB6725C77D10005CDD9C /* Assets.xcassets in Resources */,
				55BAEB6525C77D10005CDD9C /* Main.storyboard in Resources */,
			);
			runOnlyForDeploymentPostprocessing = 0;
		};
		55BAEB6E25C77D10005CDD9C /* Resources */ = {
			isa = PBXResourcesBuildPhase;
			buildActionMask = 2147483647;
			files = (
			);
			runOnlyForDeploymentPostprocessing = 0;
		};
		55BAEB7925C77D11005CDD9C /* Resources */ = {
			isa = PBXResourcesBuildPhase;
			buildActionMask = 2147483647;
			files = (
			);
			runOnlyForDeploymentPostprocessing = 0;
		};
/* End PBXResourcesBuildPhase section */

/* Begin PBXSourcesBuildPhase section */
		55BAEB5625C77D10005CDD9C /* Sources */ = {
			isa = PBXSourcesBuildPhase;
			buildActionMask = 2147483647;
			files = (
				55BAEB6025C77D10005CDD9C /* ViewController.swift in Sources */,
				55BAEB5E25C77D10005CDD9C /* AppDelegate.swift in Sources */,
				55BAEB6225C77D10005CDD9C /* Experience.rcproject in Sources */,
			);
			runOnlyForDeploymentPostprocessing = 0;
		};
		55BAEB6C25C77D10005CDD9C /* Sources */ = {
			isa = PBXSourcesBuildPhase;
			buildActionMask = 2147483647;
			files = (
				55BAEB7525C77D10005CDD9C /* PortfolioARTests.swift in Sources */,
			);
			runOnlyForDeploymentPostprocessing = 0;
		};
		55BAEB7725C77D11005CDD9C /* Sources */ = {
			isa = PBXSourcesBuildPhase;
			buildActionMask = 2147483647;
			files = (
				55BAEB8025C77D11005CDD9C /* PortfolioARUITests.swift in Sources */,
			);
			runOnlyForDeploymentPostprocessing = 0;
		};
/* End PBXSourcesBuildPhase section */

/* Begin PBXTargetDependency section */
		55BAEB7225C77D10005CDD9C /* PBXTargetDependency */ = {
			isa = PBXTargetDependency;
			target = 55BAEB5925C77D10005CDD9C /* PortfolioAR */;
			targetProxy = 55BAEB7125C77D10005CDD9C /* PBXContainerItemProxy */;
		};
		55BAEB7D25C77D11005CDD9C /* PBXTargetDependency */ = {
			isa = PBXTargetDependency;
			target = 55BAEB5925C77D10005CDD9C /* PortfolioAR */;
			targetProxy = 55BAEB7C25C77D11005CDD9C /* PBXContainerItemProxy */;
		};
/* End PBXTargetDependency section */

/* Begin PBXVariantGroup section */
		55BAEB6325C77D10005CDD9C /* Main.storyboard */ = {
			isa = PBXVariantGroup;
			children = (
				55BAEB6425C77D10005CDD9C /* Base */,
			);
			name = Main.storyboard;
			sourceTree = "<group>";
		};
		55BAEB6825C77D10005CDD9C /* LaunchScreen.storyboard */ = {
			isa = PBXVariantGroup;
			children = (
				55BAEB6925C77D10005CDD9C /* Base */,
			);
			name = LaunchScreen.storyboard;
			sourceTree = "<group>";
		};
/* End PBXVariantGroup section */

/* Begin XCBuildConfiguration section */
		55BAEB8225C77D11005CDD9C /* Debug */ = {
			isa = XCBuildConfiguration;
			buildSettings = {
				ALWAYS_SEARCH_USER_PATHS = NO;
				CLANG_ANALYZER_NONNULL = YES;
				CLANG_ANALYZER_NUMBER_OBJECT_CONVERSION = YES_AGGRESSIVE;
				CLANG_CXX_LANGUAGE_STANDARD = "gnu++14";
				CLANG_CXX_LIBRARY = "libc++";
				CLANG_ENABLE_MODULES = YES;
				CLANG_ENABLE_OBJC_ARC = YES;
				CLANG_ENABLE_OBJC_WEAK = YES;
				CLANG_WARN_BLOCK_CAPTURE_AUTORELEASING = YES;
				CLANG_WARN_BOOL_CONVERSION = YES;
				CLANG_WARN_COMMA = YES;
				CLANG_WARN_CONSTANT_CONVERSION = YES;
				CLANG_WARN_DEPRECATED_OBJC_IMPLEMENTATIONS = YES;
				CLANG_WARN_DIRECT_OBJC_ISA_USAGE = YES_ERROR;
				CLANG_WARN_DOCUMENTATION_COMMENTS = YES;
				CLANG_WARN_EMPTY_BODY = YES;
				CLANG_WARN_ENUM_CONVERSION = YES;
				CLANG_WARN_INFINITE_RECURSION = YES;
				CLANG_WARN_INT_CONVERSION = YES;
				CLANG_WARN_NON_LITERAL_NULL_CONVERSION = YES;
				CLANG_WARN_OBJC_IMPLICIT_RETAIN_SELF = YES;
				CLANG_WARN_OBJC_LITERAL_CONVERSION = YES;
				CLANG_WARN_OBJC_ROOT_CLASS = YES_ERROR;
				CLANG_WARN_QUOTED_INCLUDE_IN_FRAMEWORK_HEADER = YES;
				CLANG_WARN_RANGE_LOOP_ANALYSIS = YES;
				CLANG_WARN_STRICT_PROTOTYPES = YES;
				CLANG_WARN_SUSPICIOUS_MOVE = YES;
				CLANG_WARN_UNGUARDED_AVAILABILITY = YES_AGGRESSIVE;
				CLANG_WARN_UNREACHABLE_CODE = YES;
				CLANG_WARN__DUPLICATE_METHOD_MATCH = YES;
				COPY_PHASE_STRIP = NO;
				DEBUG_INFORMATION_FORMAT = dwarf;
				ENABLE_STRICT_OBJC_MSGSEND = YES;
				ENABLE_TESTABILITY = YES;
				GCC_C_LANGUAGE_STANDARD = gnu11;
				GCC_DYNAMIC_NO_PIC = NO;
				GCC_NO_COMMON_BLOCKS = YES;
				GCC_OPTIMIZATION_LEVEL = 0;
				GCC_PREPROCESSOR_DEFINITIONS = (
					"DEBUG=1",
					"$(inherited)",
				);
				GCC_WARN_64_TO_32_BIT_CONVERSION = YES;
				GCC_WARN_ABOUT_RETURN_TYPE = YES_ERROR;
				GCC_WARN_UNDECLARED_SELECTOR = YES;
				GCC_WARN_UNINITIALIZED_AUTOS = YES_AGGRESSIVE;
				GCC_WARN_UNUSED_FUNCTION = YES;
				GCC_WARN_UNUSED_VARIABLE = YES;
				IPHONEOS_DEPLOYMENT_TARGET = 14.1;
				MTL_ENABLE_DEBUG_INFO = INCLUDE_SOURCE;
				MTL_FAST_MATH = YES;
				ONLY_ACTIVE_ARCH = YES;
				SDKROOT = iphoneos;
				SWIFT_ACTIVE_COMPILATION_CONDITIONS = DEBUG;
				SWIFT_OPTIMIZATION_LEVEL = "-Onone";
			};
			name = Debug;
		};
		55BAEB8325C77D11005CDD9C /* Release */ = {
			isa = XCBuildConfiguration;
			buildSettings = {
				ALWAYS_SEARCH_USER_PATHS = NO;
				CLANG_ANALYZER_NONNULL = YES;
				CLANG_ANALYZER_NUMBER_OBJECT_CONVERSION = YES_AGGRESSIVE;
				CLANG_CXX_LANGUAGE_STANDARD = "gnu++14";
				CLANG_CXX_LIBRARY = "libc++";
				CLANG_ENABLE_MODULES = YES;
				CLANG_ENABLE_OBJC_ARC = YES;
				CLANG_ENABLE_OBJC_WEAK = YES;
				CLANG_WARN_BLOCK_CAPTURE_AUTORELEASING = YES;
				CLANG_WARN_BOOL_CONVERSION = YES;
				CLANG_WARN_COMMA = YES;
				CLANG_WARN_CONSTANT_CONVERSION = YES;
				CLANG_WARN_DEPRECATED_OBJC_IMPLEMENTATIONS = YES;
				CLANG_WARN_DIRECT_OBJC_ISA_USAGE = YES_ERROR;
				CLANG_WARN_DOCUMENTATION_COMMENTS = YES;
				CLANG_WARN_EMPTY_BODY = YES;
				CLANG_WARN_ENUM_CONVERSION = YES;
				CLANG_WARN_INFINITE_RECURSION = YES;
				CLANG_WARN_INT_CONVERSION = YES;
				CLANG_WARN_NON_LITERAL_NULL_CONVERSION = YES;
				CLANG_WARN_OBJC_IMPLICIT_RETAIN_SELF = YES;
				CLANG_WARN_OBJC_LITERAL_CONVERSION = YES;
				CLANG_WARN_OBJC_ROOT_CLASS = YES_ERROR;
				CLANG_WARN_QUOTED_INCLUDE_IN_FRAMEWORK_HEADER = YES;
				CLANG_WARN_RANGE_LOOP_ANALYSIS = YES;
				CLANG_WARN_STRICT_PROTOTYPES = YES;
				CLANG_WARN_SUSPICIOUS_MOVE = YES;
				CLANG_WARN_UNGUARDED_AVAILABILITY = YES_AGGRESSIVE;
				CLANG_WARN_UNREACHABLE_CODE = YES;
				CLANG_WARN__DUPLICATE_METHOD_MATCH = YES;
				COPY_PHASE_STRIP = NO;
				DEBUG_INFORMATION_FORMAT = "dwarf-with-dsym";
				ENABLE_NS_ASSERTIONS = NO;
				ENABLE_STRICT_OBJC_MSGSEND = YES;
				GCC_C_LANGUAGE_STANDARD = gnu11;
				GCC_NO_COMMON_BLOCKS = YES;
				GCC_WARN_64_TO_32_BIT_CONVERSION = YES;
				GCC_WARN_ABOUT_RETURN_TYPE = YES_ERROR;
				GCC_WARN_UNDECLARED_SELECTOR = YES;
				GCC_WARN_UNINITIALIZED_AUTOS = YES_AGGRESSIVE;
				GCC_WARN_UNUSED_FUNCTION = YES;
				GCC_WARN_UNUSED_VARIABLE = YES;
				IPHONEOS_DEPLOYMENT_TARGET = 14.1;
				MTL_ENABLE_DEBUG_INFO = NO;
				MTL_FAST_MATH = YES;
				SDKROOT = iphoneos;
				SWIFT_COMPILATION_MODE = wholemodule;
				SWIFT_OPTIMIZATION_LEVEL = "-O";
				VALIDATE_PRODUCT = YES;
			};
			name = Release;
		};
		55BAEB8525C77D11005CDD9C /* Debug */ = {
			isa = XCBuildConfiguration;
			buildSettings = {
				ASSETCATALOG_COMPILER_APPICON_NAME = AppIcon;
				ASSETCATALOG_COMPILER_GLOBAL_ACCENT_COLOR_NAME = AccentColor;
				CODE_SIGN_STYLE = Automatic;
				DEVELOPMENT_TEAM = JXSV6X2G3A;
				INFOPLIST_FILE = PortfolioAR/Info.plist;
				LD_RUNPATH_SEARCH_PATHS = (
					"$(inherited)",
					"@executable_path/Frameworks",
				);
				PRODUCT_BUNDLE_IDENTIFIER = boris.PortfolioAR;
				PRODUCT_NAME = "$(TARGET_NAME)";
				SWIFT_VERSION = 5.0;
				TARGETED_DEVICE_FAMILY = "1,2";
			};
			name = Debug;
		};
		55BAEB8625C77D11005CDD9C /* Release */ = {
			isa = XCBuildConfiguration;
			buildSettings = {
				ASSETCATALOG_COMPILER_APPICON_NAME = AppIcon;
				ASSETCATALOG_COMPILER_GLOBAL_ACCENT_COLOR_NAME = AccentColor;
				CODE_SIGN_STYLE = Automatic;
				DEVELOPMENT_TEAM = JXSV6X2G3A;
				INFOPLIST_FILE = PortfolioAR/Info.plist;
				LD_RUNPATH_SEARCH_PATHS = (
					"$(inherited)",
					"@executable_path/Frameworks",
				);
				PRODUCT_BUNDLE_IDENTIFIER = boris.PortfolioAR;
				PRODUCT_NAME = "$(TARGET_NAME)";
				SWIFT_VERSION = 5.0;
				TARGETED_DEVICE_FAMILY = "1,2";
			};
			name = Release;
		};
		55BAEB8825C77D11005CDD9C /* Debug */ = {
			isa = XCBuildConfiguration;
			buildSettings = {
				ALWAYS_EMBED_SWIFT_STANDARD_LIBRARIES = YES;
				BUNDLE_LOADER = "$(TEST_HOST)";
				CODE_SIGN_STYLE = Automatic;
				DEVELOPMENT_TEAM = JXSV6X2G3A;
				INFOPLIST_FILE = PortfolioARTests/Info.plist;
				IPHONEOS_DEPLOYMENT_TARGET = 14.1;
				LD_RUNPATH_SEARCH_PATHS = (
					"$(inherited)",
					"@executable_path/Frameworks",
					"@loader_path/Frameworks",
				);
				PRODUCT_BUNDLE_IDENTIFIER = boris.PortfolioARTests;
				PRODUCT_NAME = "$(TARGET_NAME)";
				SWIFT_VERSION = 5.0;
				TARGETED_DEVICE_FAMILY = "1,2";
				TEST_HOST = "$(BUILT_PRODUCTS_DIR)/PortfolioAR.app/PortfolioAR";
			};
			name = Debug;
		};
		55BAEB8925C77D11005CDD9C /* Release */ = {
			isa = XCBuildConfiguration;
			buildSettings = {
				ALWAYS_EMBED_SWIFT_STANDARD_LIBRARIES = YES;
				BUNDLE_LOADER = "$(TEST_HOST)";
				CODE_SIGN_STYLE = Automatic;
				DEVELOPMENT_TEAM = JXSV6X2G3A;
				INFOPLIST_FILE = PortfolioARTests/Info.plist;
				IPHONEOS_DEPLOYMENT_TARGET = 14.1;
				LD_RUNPATH_SEARCH_PATHS = (
					"$(inherited)",
					"@executable_path/Frameworks",
					"@loader_path/Frameworks",
				);
				PRODUCT_BUNDLE_IDENTIFIER = boris.PortfolioARTests;
				PRODUCT_NAME = "$(TARGET_NAME)";
				SWIFT_VERSION = 5.0;
				TARGETED_DEVICE_FAMILY = "1,2";
				TEST_HOST = "$(BUILT_PRODUCTS_DIR)/PortfolioAR.app/PortfolioAR";
			};
			name = Release;
		};
		55BAEB8B25C77D11005CDD9C /* Debug */ = {
			isa = XCBuildConfiguration;
			buildSettings = {
				ALWAYS_EMBED_SWIFT_STANDARD_LIBRARIES = YES;
				CODE_SIGN_STYLE = Automatic;
				DEVELOPMENT_TEAM = JXSV6X2G3A;
				INFOPLIST_FILE = PortfolioARUITests/Info.plist;
				LD_RUNPATH_SEARCH_PATHS = (
					"$(inherited)",
					"@executable_path/Frameworks",
					"@loader_path/Frameworks",
				);
				PRODUCT_BUNDLE_IDENTIFIER = boris.PortfolioARUITests;
				PRODUCT_NAME = "$(TARGET_NAME)";
				SWIFT_VERSION = 5.0;
				TARGETED_DEVICE_FAMILY = "1,2";
				TEST_TARGET_NAME = PortfolioAR;
			};
			name = Debug;
		};
		55BAEB8C25C77D11005CDD9C /* Release */ = {
			isa = XCBuildConfiguration;
			buildSettings = {
				ALWAYS_EMBED_SWIFT_STANDARD_LIBRARIES = YES;
				CODE_SIGN_STYLE = Automatic;
				DEVELOPMENT_TEAM = JXSV6X2G3A;
				INFOPLIST_FILE = PortfolioARUITests/Info.plist;
				LD_RUNPATH_SEARCH_PATHS = (
					"$(inherited)",
					"@executable_path/Frameworks",
					"@loader_path/Frameworks",
				);
				PRODUCT_BUNDLE_IDENTIFIER = boris.PortfolioARUITests;
				PRODUCT_NAME = "$(TARGET_NAME)";
				SWIFT_VERSION = 5.0;
				TARGETED_DEVICE_FAMILY = "1,2";
				TEST_TARGET_NAME = PortfolioAR;
			};
			name = Release;
		};
/* End XCBuildConfiguration section */

/* Begin XCConfigurationList section */
		55BAEB5525C77D0F005CDD9C /* Build configuration list for PBXProject "PortfolioAR" */ = {
			isa = XCConfigurationList;
			buildConfigurations = (
				55BAEB8225C77D11005CDD9C /* Debug */,
				55BAEB8325C77D11005CDD9C /* Release */,
			);
			defaultConfigurationIsVisible = 0;
			defaultConfigurationName = Release;
		};
		55BAEB8425C77D11005CDD9C /* Build configuration list for PBXNativeTarget "PortfolioAR" */ = {
			isa = XCConfigurationList;
			buildConfigurations = (
				55BAEB8525C77D11005CDD9C /* Debug */,
				55BAEB8625C77D11005CDD9C /* Release */,
			);
			defaultConfigurationIsVisible = 0;
			defaultConfigurationName = Release;
		};
		55BAEB8725C77D11005CDD9C /* Build configuration list for PBXNativeTarget "PortfolioARTests" */ = {
			isa = XCConfigurationList;
			buildConfigurations = (
				55BAEB8825C77D11005CDD9C /* Debug */,
				55BAEB8925C77D11005CDD9C /* Release */,
			);
			defaultConfigurationIsVisible = 0;
			defaultConfigurationName = Release;
		};
		55BAEB8A25C77D11005CDD9C /* Build configuration list for PBXNativeTarget "PortfolioARUITests" */ = {
			isa = XCConfigurationList;
			buildConfigurations = (
				55BAEB8B25C77D11005CDD9C /* Debug */,
				55BAEB8C25C77D11005CDD9C /* Release */,
			);
			defaultConfigurationIsVisible = 0;
			defaultConfigurationName = Release;
		};
/* End XCConfigurationList section */
	};
	rootObject = 55BAEB5225C77D0F005CDD9C /* Project object */;
}
